Microsoft Visual Studio Solution File, Format Version 11.00
# Visual Studio 2008

Project("{EB59DB52-18D2-BE34-C5AF-9106C2E2859A}") = "GestureTossUnity1", "Assembly-CSharp-vs.csproj", "{AD8FEED1-9C85-090E-FF73-D555C4627F73}"
EndProject
Global
	GlobalSection(SolutionConfigurationPlatforms) = preSolution
		Debug|Any CPU = Debug|Any CPU
		Release|Any CPU = Release|Any CPU
	EndGlobalSection
	GlobalSection(ProjectConfigurationPlatforms) = postSolution
		{AD8FEED1-9C85-090E-FF73-D555C4627F73}.Debug|Any CPU.ActiveCfg = Debug|Any CPU
		{AD8FEED1-9C85-090E-FF73-D555C4627F73}.Debug|Any CPU.Build.0 = Debug|Any CPU
		{AD8FEED1-9C85-090E-FF73-D555C4627F73}.Release|Any CPU.ActiveCfg = Release|Any CPU
		{AD8FEED1-9C85-090E-FF73-D555C4627F73}.Release|Any CPU.Build.0 = Release|Any CPU
	EndGlobalSection
	GlobalSection(SolutionProperties) = preSolution
		HideSolutionNode = FALSE
	EndGlobalSection
																																																																																	GlobalSection(MonoDevelopProperties) = preSolution
		StartupItem = Assembly-CSharp.csproj
		Policies = $0
		$0.TextStylePolicy = $1
		$1.inheritsSet = null
		$1.scope = text/x-csharp
		$0.CSharpFormattingPolicy = $2
		$2.inheritsSet = Mono
		$2.inheritsScope = text/x-csharp
		$2.scope = text/x-csharp
		$0.TextStylePolicy = $3
		$3.FileWidth = 120
		$3.TabWidth = 4
		$3.EolMarker = Unix
		$3.inheritsSet = Mono
		$3.inheritsScope = text/plain
		$3.scope = text/plain
	EndGlobalSection

EndGlobal
